<?xml version="1.0" encoding="utf-8"?>
<Project ToolsVersion="4.0" xmlns="http://schemas.microsoft.com/developer/msbuild/2003">
  <ItemGroup>
    <Filter Include="Headers">
      <UniqueIdentifier>{2f7769a2-69b0-4098-888c-7920679e6ee4}</UniqueIdentifier>
    </Filter>
    <Filter Include="FFT">
      <UniqueIdentifier>{4bf12507-1cbe-48a6-a7b4-6669bd4ef946}</UniqueIdentifier>
    </Filter>
    <Filter Include="Helpers">
      <UniqueIdentifier>{5204989d-a10c-4d4f-89fc-24365d4c5891}</UniqueIdentifier>
    </Filter>
    <Filter Include="Generics">
      <UniqueIdentifier>{d491355b-33db-44fd-8cd0-8ed024086add}</UniqueIdentifier>
    </Filter>
    <Filter Include="Masking">
      <UniqueIdentifier>{c45d3d3a-e1b1-404a-b649-92ec88389380}</UniqueIdentifier>
    </Filter>
    <Filter Include="Image Manipulation">
      <UniqueIdentifier>{7821bd65-9a28-4724-9bd5-3a5b25d9c823}</UniqueIdentifier>
    </Filter>
    <Filter Include="Alignment">
      <UniqueIdentifier>{9ed67da0-c4df-4e12-8697-c66e9eded4ea}</UniqueIdentifier>
    </Filter>
    <Filter Include="Cubic Splines">
      <UniqueIdentifier>{3798f66a-a1a2-4dc3-9999-d9552b15eea2}</UniqueIdentifier>
    </Filter>
    <Filter Include="Cubic Splines\internal">
      <UniqueIdentifier>{c3b0fd44-d3e8-499f-8eba-5e28f5ac0cf0}</UniqueIdentifier>
    </Filter>
    <Filter Include="Correlation">
      <UniqueIdentifier>{cfbf289c-1c9d-4a20-8674-5d0c86ef39bf}</UniqueIdentifier>
    </Filter>
    <Filter Include="Transformation">
      <UniqueIdentifier>{c8529e15-b02c-48f5-80e7-d695534f516f}</UniqueIdentifier>
    </Filter>
    <Filter Include="Projection">
      <UniqueIdentifier>{4487c3c6-ddb5-4c3d-b8b0-eaf39855fcd0}</UniqueIdentifier>
    </Filter>
    <Filter Include="IO">
      <UniqueIdentifier>{85cbea72-f52e-4839-9e69-e816e62d7cbb}</UniqueIdentifier>
    </Filter>
    <Filter Include="BinaryManipulation">
      <UniqueIdentifier>{532ff7b2-7efc-429c-b2e4-60e7003d8d65}</UniqueIdentifier>
    </Filter>
  </ItemGroup>
  <ItemGroup>
    <ClInclude Include="CubicSplines\internal\cutil_math_bugfixes.h">
      <Filter>Cubic Splines\internal</Filter>
    </ClInclude>
  </ItemGroup>
  <ItemGroup>
    <ClCompile Include="IO\em.cpp">
      <Filter>IO</Filter>
    </ClCompile>
    <ClCompile Include="IO\mrc.cpp">
      <Filter>IO</Filter>
    </ClCompile>
    <ClCompile Include="IO\raw.cpp">
      <Filter>IO</Filter>
    </ClCompile>
  </ItemGroup>
  <ItemGroup>
    <None Include="Functions.cuh">
      <Filter>Headers</Filter>
    </None>
    <None Include="Prerequisites.cuh">
      <Filter>Headers</Filter>
    </None>
    <None Include="DeviceFunctions.cuh">
      <Filter>Headers</Filter>
    </None>
  </ItemGroup>
  <ItemGroup>
    <CudaCompile Include="FFT\FFT.cu">
      <Filter>FFT</Filter>
    </CudaCompile>
    <CudaCompile Include="Helpers\TypeConversion.cu">
      <Filter>Helpers</Filter>
    </CudaCompile>
    <CudaCompile Include="FFT\IFFT.cu">
      <Filter>FFT</Filter>
    </CudaCompile>
    <CudaCompile Include="Helpers\HermitianSymmetry.cu">
      <Filter>Helpers</Filter>
    </CudaCompile>
    <CudaCompile Include="Helpers\Memory.cu">
      <Filter>Helpers</Filter>
    </CudaCompile>
    <CudaCompile Include="Generics\Arithmetics.cu">
      <Filter>Generics</Filter>
    </CudaCompile>
    <CudaCompile Include="Masking\SphereMask.cu">
      <Filter>Masking</Filter>
    </CudaCompile>
    <CudaCompile Include="Generics\Sum.cu">
      <Filter>Generics</Filter>
    </CudaCompile>
    <CudaCompile Include="Generics\MinMax.cu">
      <Filter>Generics</Filter>
    </CudaCompile>
    <CudaCompile Include="Masking\Remap.cu">
      <Filter>Masking</Filter>
    </CudaCompile>
    <CudaCompile Include="Generics\Dev.cu">
      <Filter>Generics</Filter>
    </CudaCompile>
    <CudaCompile Include="Generics\CompositeArithmetics.cu">
      <Filter>Generics</Filter>
    </CudaCompile>
    <CudaCompile Include="Generics\SumMinMax.cu">
      <Filter>Generics</Filter>
    </CudaCompile>
    <CudaCompile Include="ImageManipulation\Norm.cu">
      <Filter>Image Manipulation</Filter>
    </CudaCompile>
    <CudaCompile Include="Alignment\Align2D.cu">
      <Filter>Alignment</Filter>
    </CudaCompile>
    <CudaCompile Include="ImageManipulation\Bandpass.cu">
      <Filter>Image Manipulation</Filter>
    </CudaCompile>
    <CudaCompile Include="FFT\FFTRemap.cu">
      <Filter>FFT</Filter>
    </CudaCompile>
    <CudaCompile Include="Masking\RectangleMask.cu">
      <Filter>Masking</Filter>
    </CudaCompile>
    <CudaCompile Include="CubicSplines\cubicPrefilter2D.cu">
      <Filter>Cubic Splines</Filter>
    </CudaCompile>
    <CudaCompile Include="CubicSplines\cubicPrefilter3D.cu">
      <Filter>Cubic Splines</Filter>
    </CudaCompile>
    <CudaCompile Include="CubicSplines\memcpy.cu">
      <Filter>Cubic Splines</Filter>
    </CudaCompile>
    <CudaCompile Include="CubicSplines\internal\bspline_kernel.cu">
      <Filter>Cubic Splines\internal</Filter>
    </CudaCompile>
    <CudaCompile Include="CubicSplines\internal\cubicPrefilter_kernel.cu">
      <Filter>Cubic Splines\internal</Filter>
    </CudaCompile>
    <CudaCompile Include="CubicSplines\internal\math_func.cu">
      <Filter>Cubic Splines\internal</Filter>
    </CudaCompile>
    <CudaCompile Include="CubicSplines\internal\version.cu">
      <Filter>Cubic Splines\internal</Filter>
    </CudaCompile>
    <CudaCompile Include="CubicSplines\internal\cubicTexKernels.cu">
      <Filter>Cubic Splines\internal</Filter>
    </CudaCompile>
    <CudaCompile Include="CubicSplines\cubicTex.cu">
      <Filter>Cubic Splines</Filter>
    </CudaCompile>
    <CudaCompile Include="Correlation\CCF.cu">
      <Filter>Correlation</Filter>
    </CudaCompile>
    <CudaCompile Include="Transformation\Shift.cu">
      <Filter>Transformation</Filter>
    </CudaCompile>
    <CudaCompile Include="Transformation\Coordinates.cu">
      <Filter>Transformation</Filter>
    </CudaCompile>
    <CudaCompile Include="Transformation\Bin.cu">
      <Filter>Transformation</Filter>
    </CudaCompile>
    <CudaCompile Include="Transformation\Scale.cu">
      <Filter>Transformation</Filter>
    </CudaCompile>
    <CudaCompile Include="Correlation\Peak.cu">
      <Filter>Correlation</Filter>
    </CudaCompile>
    <CudaCompile Include="FFT\FFTResize.cu">
      <Filter>FFT</Filter>
    </CudaCompile>
    <CudaCompile Include="Generics\Extraction.cu">
      <Filter>Generics</Filter>
    </CudaCompile>
    <CudaCompile Include="Helpers\Misc.cu">
      <Filter>Helpers</Filter>
    </CudaCompile>
    <CudaCompile Include="Helpers\MDPointer.cu">
      <Filter>Helpers</Filter>
    </CudaCompile>
    <CudaCompile Include="ImageManipulation\Xray.cu">
      <Filter>Image Manipulation</Filter>
    </CudaCompile>
    <CudaCompile Include="Projection\Backward.cu">
      <Filter>Projection</Filter>
    </CudaCompile>
    <CudaCompile Include="Projection\Forward.cu">
      <Filter>Projection</Filter>
    </CudaCompile>
    <CudaCompile Include="Generics\MinMaxMonolithic.cu">
      <Filter>Generics</Filter>
    </CudaCompile>
    <CudaCompile Include="Correlation\LocalPeaks.cu">
      <Filter>Correlation</Filter>
    </CudaCompile>
    <CudaCompile Include="BinaryManipulation\Dilate.cu">
      <Filter>BinaryManipulation</Filter>
    </CudaCompile>
    <CudaCompile Include="BinaryManipulation\Binarize.cu">
      <Filter>BinaryManipulation</Filter>
    </CudaCompile>
  </ItemGroup>
</Project>