<?xml version="1.0" encoding="utf-8"?>
<Project ToolsVersion="4.0" xmlns="http://schemas.microsoft.com/developer/msbuild/2003">
  <ItemGroup>
    <Filter Include="glm">
      <UniqueIdentifier>{7ec27f9e-c2a5-45b9-a952-8c67b74a3ec1}</UniqueIdentifier>
    </Filter>
    <Filter Include="glm\core">
      <UniqueIdentifier>{5125d954-efa9-4de0-8ade-f37dec518f45}</UniqueIdentifier>
    </Filter>
    <Filter Include="glm\gtc">
      <UniqueIdentifier>{034684cc-f467-439f-94f7-bdb3b50ef97e}</UniqueIdentifier>
    </Filter>
    <Filter Include="glm\gtx">
      <UniqueIdentifier>{a0f1bdcc-444f-4218-9932-d131f420b253}</UniqueIdentifier>
    </Filter>
    <Filter Include="glm\virtrev">
      <UniqueIdentifier>{b5ad60c8-0e43-4c3e-bcdb-44de3ec1b3eb}</UniqueIdentifier>
    </Filter>
    <Filter Include="Headers">
      <UniqueIdentifier>{2f7769a2-69b0-4098-888c-7920679e6ee4}</UniqueIdentifier>
    </Filter>
    <Filter Include="FFT">
      <UniqueIdentifier>{4bf12507-1cbe-48a6-a7b4-6669bd4ef946}</UniqueIdentifier>
    </Filter>
    <Filter Include="Helpers">
      <UniqueIdentifier>{5204989d-a10c-4d4f-89fc-24365d4c5891}</UniqueIdentifier>
    </Filter>
    <Filter Include="Generics">
      <UniqueIdentifier>{d491355b-33db-44fd-8cd0-8ed024086add}</UniqueIdentifier>
    </Filter>
    <Filter Include="Masking">
      <UniqueIdentifier>{c45d3d3a-e1b1-404a-b649-92ec88389380}</UniqueIdentifier>
    </Filter>
    <Filter Include="Image Manipulation">
      <UniqueIdentifier>{7821bd65-9a28-4724-9bd5-3a5b25d9c823}</UniqueIdentifier>
    </Filter>
    <Filter Include="Alignment">
      <UniqueIdentifier>{9ed67da0-c4df-4e12-8697-c66e9eded4ea}</UniqueIdentifier>
    </Filter>
    <Filter Include="Cubic Splines">
      <UniqueIdentifier>{3798f66a-a1a2-4dc3-9999-d9552b15eea2}</UniqueIdentifier>
    </Filter>
    <Filter Include="Cubic Splines\internal">
      <UniqueIdentifier>{c3b0fd44-d3e8-499f-8eba-5e28f5ac0cf0}</UniqueIdentifier>
    </Filter>
    <Filter Include="Correlation">
      <UniqueIdentifier>{cfbf289c-1c9d-4a20-8674-5d0c86ef39bf}</UniqueIdentifier>
    </Filter>
    <Filter Include="Transformation">
      <UniqueIdentifier>{c8529e15-b02c-48f5-80e7-d695534f516f}</UniqueIdentifier>
    </Filter>
  </ItemGroup>
  <ItemGroup>
    <Text Include="glm\CMakeLists.txt">
      <Filter>glm</Filter>
    </Text>
  </ItemGroup>
  <ItemGroup>
    <ClInclude Include="glm\ext.hpp">
      <Filter>glm</Filter>
    </ClInclude>
    <ClInclude Include="glm\glm.hpp">
      <Filter>glm</Filter>
    </ClInclude>
    <ClInclude Include="glm\core\_detail.hpp">
      <Filter>glm\core</Filter>
    </ClInclude>
    <ClInclude Include="glm\core\_fixes.hpp">
      <Filter>glm\core</Filter>
    </ClInclude>
    <ClInclude Include="glm\core\_swizzle.hpp">
      <Filter>glm\core</Filter>
    </ClInclude>
    <ClInclude Include="glm\core\_swizzle_func.hpp">
      <Filter>glm\core</Filter>
    </ClInclude>
    <ClInclude Include="glm\core\_vectorize.hpp">
      <Filter>glm\core</Filter>
    </ClInclude>
    <ClInclude Include="glm\core\func_common.hpp">
      <Filter>glm\core</Filter>
    </ClInclude>
    <ClInclude Include="glm\core\func_exponential.hpp">
      <Filter>glm\core</Filter>
    </ClInclude>
    <ClInclude Include="glm\core\func_geometric.hpp">
      <Filter>glm\core</Filter>
    </ClInclude>
    <ClInclude Include="glm\core\func_integer.hpp">
      <Filter>glm\core</Filter>
    </ClInclude>
    <ClInclude Include="glm\core\func_matrix.hpp">
      <Filter>glm\core</Filter>
    </ClInclude>
    <ClInclude Include="glm\core\func_noise.hpp">
      <Filter>glm\core</Filter>
    </ClInclude>
    <ClInclude Include="glm\core\func_packing.hpp">
      <Filter>glm\core</Filter>
    </ClInclude>
    <ClInclude Include="glm\core\func_trigonometric.hpp">
      <Filter>glm\core</Filter>
    </ClInclude>
    <ClInclude Include="glm\core\func_vector_relational.hpp">
      <Filter>glm\core</Filter>
    </ClInclude>
    <ClInclude Include="glm\core\hint.hpp">
      <Filter>glm\core</Filter>
    </ClInclude>
    <ClInclude Include="glm\core\intrinsic_common.hpp">
      <Filter>glm\core</Filter>
    </ClInclude>
    <ClInclude Include="glm\core\intrinsic_exponential.hpp">
      <Filter>glm\core</Filter>
    </ClInclude>
    <ClInclude Include="glm\core\intrinsic_geometric.hpp">
      <Filter>glm\core</Filter>
    </ClInclude>
    <ClInclude Include="glm\core\intrinsic_matrix.hpp">
      <Filter>glm\core</Filter>
    </ClInclude>
    <ClInclude Include="glm\core\intrinsic_trigonometric.hpp">
      <Filter>glm\core</Filter>
    </ClInclude>
    <ClInclude Include="glm\core\intrinsic_vector_relational.hpp">
      <Filter>glm\core</Filter>
    </ClInclude>
    <ClInclude Include="glm\core\setup.hpp">
      <Filter>glm\core</Filter>
    </ClInclude>
    <ClInclude Include="glm\core\type.hpp">
      <Filter>glm\core</Filter>
    </ClInclude>
    <ClInclude Include="glm\core\type_float.hpp">
      <Filter>glm\core</Filter>
    </ClInclude>
    <ClInclude Include="glm\core\type_gentype.hpp">
      <Filter>glm\core</Filter>
    </ClInclude>
    <ClInclude Include="glm\core\type_half.hpp">
      <Filter>glm\core</Filter>
    </ClInclude>
    <ClInclude Include="glm\core\type_int.hpp">
      <Filter>glm\core</Filter>
    </ClInclude>
    <ClInclude Include="glm\core\type_mat.hpp">
      <Filter>glm\core</Filter>
    </ClInclude>
    <ClInclude Include="glm\core\type_mat2x2.hpp">
      <Filter>glm\core</Filter>
    </ClInclude>
    <ClInclude Include="glm\core\type_mat2x3.hpp">
      <Filter>glm\core</Filter>
    </ClInclude>
    <ClInclude Include="glm\core\type_mat2x4.hpp">
      <Filter>glm\core</Filter>
    </ClInclude>
    <ClInclude Include="glm\core\type_mat3x2.hpp">
      <Filter>glm\core</Filter>
    </ClInclude>
    <ClInclude Include="glm\core\type_mat3x3.hpp">
      <Filter>glm\core</Filter>
    </ClInclude>
    <ClInclude Include="glm\core\type_mat3x4.hpp">
      <Filter>glm\core</Filter>
    </ClInclude>
    <ClInclude Include="glm\core\type_mat4x2.hpp">
      <Filter>glm\core</Filter>
    </ClInclude>
    <ClInclude Include="glm\core\type_mat4x3.hpp">
      <Filter>glm\core</Filter>
    </ClInclude>
    <ClInclude Include="glm\core\type_mat4x4.hpp">
      <Filter>glm\core</Filter>
    </ClInclude>
    <ClInclude Include="glm\core\type_size.hpp">
      <Filter>glm\core</Filter>
    </ClInclude>
    <ClInclude Include="glm\core\type_vec.hpp">
      <Filter>glm\core</Filter>
    </ClInclude>
    <ClInclude Include="glm\core\type_vec1.hpp">
      <Filter>glm\core</Filter>
    </ClInclude>
    <ClInclude Include="glm\core\type_vec2.hpp">
      <Filter>glm\core</Filter>
    </ClInclude>
    <ClInclude Include="glm\core\type_vec3.hpp">
      <Filter>glm\core</Filter>
    </ClInclude>
    <ClInclude Include="glm\core\type_vec4.hpp">
      <Filter>glm\core</Filter>
    </ClInclude>
    <ClInclude Include="glm\gtc\constants.hpp">
      <Filter>glm\gtc</Filter>
    </ClInclude>
    <ClInclude Include="glm\gtc\epsilon.hpp">
      <Filter>glm\gtc</Filter>
    </ClInclude>
    <ClInclude Include="glm\gtc\half_float.hpp">
      <Filter>glm\gtc</Filter>
    </ClInclude>
    <ClInclude Include="glm\gtc\matrix_access.hpp">
      <Filter>glm\gtc</Filter>
    </ClInclude>
    <ClInclude Include="glm\gtc\matrix_integer.hpp">
      <Filter>glm\gtc</Filter>
    </ClInclude>
    <ClInclude Include="glm\gtc\matrix_inverse.hpp">
      <Filter>glm\gtc</Filter>
    </ClInclude>
    <ClInclude Include="glm\gtc\matrix_transform.hpp">
      <Filter>glm\gtc</Filter>
    </ClInclude>
    <ClInclude Include="glm\gtc\noise.hpp">
      <Filter>glm\gtc</Filter>
    </ClInclude>
    <ClInclude Include="glm\gtc\quaternion.hpp">
      <Filter>glm\gtc</Filter>
    </ClInclude>
    <ClInclude Include="glm\gtc\random.hpp">
      <Filter>glm\gtc</Filter>
    </ClInclude>
    <ClInclude Include="glm\gtc\reciprocal.hpp">
      <Filter>glm\gtc</Filter>
    </ClInclude>
    <ClInclude Include="glm\gtc\swizzle.hpp">
      <Filter>glm\gtc</Filter>
    </ClInclude>
    <ClInclude Include="glm\gtc\type_precision.hpp">
      <Filter>glm\gtc</Filter>
    </ClInclude>
    <ClInclude Include="glm\gtc\type_ptr.hpp">
      <Filter>glm\gtc</Filter>
    </ClInclude>
    <ClInclude Include="glm\gtc\ulp.hpp">
      <Filter>glm\gtc</Filter>
    </ClInclude>
    <ClInclude Include="glm\gtx\associated_min_max.hpp">
      <Filter>glm\gtx</Filter>
    </ClInclude>
    <ClInclude Include="glm\gtx\bit.hpp">
      <Filter>glm\gtx</Filter>
    </ClInclude>
    <ClInclude Include="glm\gtx\closest_point.hpp">
      <Filter>glm\gtx</Filter>
    </ClInclude>
    <ClInclude Include="glm\gtx\color_cast.hpp">
      <Filter>glm\gtx</Filter>
    </ClInclude>
    <ClInclude Include="glm\gtx\color_space.hpp">
      <Filter>glm\gtx</Filter>
    </ClInclude>
    <ClInclude Include="glm\gtx\color_space_YCoCg.hpp">
      <Filter>glm\gtx</Filter>
    </ClInclude>
    <ClInclude Include="glm\gtx\compatibility.hpp">
      <Filter>glm\gtx</Filter>
    </ClInclude>
    <ClInclude Include="glm\gtx\component_wise.hpp">
      <Filter>glm\gtx</Filter>
    </ClInclude>
    <ClInclude Include="glm\gtx\constants.hpp">
      <Filter>glm\gtx</Filter>
    </ClInclude>
    <ClInclude Include="glm\gtx\epsilon.hpp">
      <Filter>glm\gtx</Filter>
    </ClInclude>
    <ClInclude Include="glm\gtx\euler_angles.hpp">
      <Filter>glm\gtx</Filter>
    </ClInclude>
    <ClInclude Include="glm\gtx\extend.hpp">
      <Filter>glm\gtx</Filter>
    </ClInclude>
    <ClInclude Include="glm\gtx\extented_min_max.hpp">
      <Filter>glm\gtx</Filter>
    </ClInclude>
    <ClInclude Include="glm\gtx\fast_exponential.hpp">
      <Filter>glm\gtx</Filter>
    </ClInclude>
    <ClInclude Include="glm\gtx\fast_square_root.hpp">
      <Filter>glm\gtx</Filter>
    </ClInclude>
    <ClInclude Include="glm\gtx\fast_trigonometry.hpp">
      <Filter>glm\gtx</Filter>
    </ClInclude>
    <ClInclude Include="glm\gtx\gradient_paint.hpp">
      <Filter>glm\gtx</Filter>
    </ClInclude>
    <ClInclude Include="glm\gtx\handed_coordinate_space.hpp">
      <Filter>glm\gtx</Filter>
    </ClInclude>
    <ClInclude Include="glm\gtx\inertia.hpp">
      <Filter>glm\gtx</Filter>
    </ClInclude>
    <ClInclude Include="glm\gtx\int_10_10_10_2.hpp">
      <Filter>glm\gtx</Filter>
    </ClInclude>
    <ClInclude Include="glm\gtx\integer.hpp">
      <Filter>glm\gtx</Filter>
    </ClInclude>
    <ClInclude Include="glm\gtx\intersect.hpp">
      <Filter>glm\gtx</Filter>
    </ClInclude>
    <ClInclude Include="glm\gtx\log_base.hpp">
      <Filter>glm\gtx</Filter>
    </ClInclude>
    <ClInclude Include="glm\gtx\matrix_cross_product.hpp">
      <Filter>glm\gtx</Filter>
    </ClInclude>
    <ClInclude Include="glm\gtx\matrix_interpolation.hpp">
      <Filter>glm\gtx</Filter>
    </ClInclude>
    <ClInclude Include="glm\gtx\matrix_major_storage.hpp">
      <Filter>glm\gtx</Filter>
    </ClInclude>
    <ClInclude Include="glm\gtx\matrix_operation.hpp">
      <Filter>glm\gtx</Filter>
    </ClInclude>
    <ClInclude Include="glm\gtx\matrix_query.hpp">
      <Filter>glm\gtx</Filter>
    </ClInclude>
    <ClInclude Include="glm\gtx\mixed_product.hpp">
      <Filter>glm\gtx</Filter>
    </ClInclude>
    <ClInclude Include="glm\gtx\multiple.hpp">
      <Filter>glm\gtx</Filter>
    </ClInclude>
    <ClInclude Include="glm\gtx\noise.hpp">
      <Filter>glm\gtx</Filter>
    </ClInclude>
    <ClInclude Include="glm\gtx\norm.hpp">
      <Filter>glm\gtx</Filter>
    </ClInclude>
    <ClInclude Include="glm\gtx\normal.hpp">
      <Filter>glm\gtx</Filter>
    </ClInclude>
    <ClInclude Include="glm\gtx\normalize_dot.hpp">
      <Filter>glm\gtx</Filter>
    </ClInclude>
    <ClInclude Include="glm\gtx\number_precision.hpp">
      <Filter>glm\gtx</Filter>
    </ClInclude>
    <ClInclude Include="glm\gtx\ocl_type.hpp">
      <Filter>glm\gtx</Filter>
    </ClInclude>
    <ClInclude Include="glm\gtx\optimum_pow.hpp">
      <Filter>glm\gtx</Filter>
    </ClInclude>
    <ClInclude Include="glm\gtx\orthonormalize.hpp">
      <Filter>glm\gtx</Filter>
    </ClInclude>
    <ClInclude Include="glm\gtx\perpendicular.hpp">
      <Filter>glm\gtx</Filter>
    </ClInclude>
    <ClInclude Include="glm\gtx\polar_coordinates.hpp">
      <Filter>glm\gtx</Filter>
    </ClInclude>
    <ClInclude Include="glm\gtx\projection.hpp">
      <Filter>glm\gtx</Filter>
    </ClInclude>
    <ClInclude Include="glm\gtx\quaternion.hpp">
      <Filter>glm\gtx</Filter>
    </ClInclude>
    <ClInclude Include="glm\gtx\random.hpp">
      <Filter>glm\gtx</Filter>
    </ClInclude>
    <ClInclude Include="glm\gtx\raw_data.hpp">
      <Filter>glm\gtx</Filter>
    </ClInclude>
    <ClInclude Include="glm\gtx\reciprocal.hpp">
      <Filter>glm\gtx</Filter>
    </ClInclude>
    <ClInclude Include="glm\gtx\rotate_vector.hpp">
      <Filter>glm\gtx</Filter>
    </ClInclude>
    <ClInclude Include="glm\gtx\simd_mat4.hpp">
      <Filter>glm\gtx</Filter>
    </ClInclude>
    <ClInclude Include="glm\gtx\simd_vec4.hpp">
      <Filter>glm\gtx</Filter>
    </ClInclude>
    <ClInclude Include="glm\gtx\spline.hpp">
      <Filter>glm\gtx</Filter>
    </ClInclude>
    <ClInclude Include="glm\gtx\std_based_type.hpp">
      <Filter>glm\gtx</Filter>
    </ClInclude>
    <ClInclude Include="glm\gtx\string_cast.hpp">
      <Filter>glm\gtx</Filter>
    </ClInclude>
    <ClInclude Include="glm\gtx\transform.hpp">
      <Filter>glm\gtx</Filter>
    </ClInclude>
    <ClInclude Include="glm\gtx\transform2.hpp">
      <Filter>glm\gtx</Filter>
    </ClInclude>
    <ClInclude Include="glm\gtx\ulp.hpp">
      <Filter>glm\gtx</Filter>
    </ClInclude>
    <ClInclude Include="glm\gtx\unsigned_int.hpp">
      <Filter>glm\gtx</Filter>
    </ClInclude>
    <ClInclude Include="glm\gtx\vec1.hpp">
      <Filter>glm\gtx</Filter>
    </ClInclude>
    <ClInclude Include="glm\gtx\vector_access.hpp">
      <Filter>glm\gtx</Filter>
    </ClInclude>
    <ClInclude Include="glm\gtx\vector_angle.hpp">
      <Filter>glm\gtx</Filter>
    </ClInclude>
    <ClInclude Include="glm\gtx\vector_query.hpp">
      <Filter>glm\gtx</Filter>
    </ClInclude>
    <ClInclude Include="glm\gtx\verbose_operator.hpp">
      <Filter>glm\gtx</Filter>
    </ClInclude>
    <ClInclude Include="glm\gtx\wrap.hpp">
      <Filter>glm\gtx</Filter>
    </ClInclude>
    <ClInclude Include="glm\virtrev\xstream.hpp">
      <Filter>glm\virtrev</Filter>
    </ClInclude>
    <ClInclude Include="CubicSplines\internal\cutil_math_bugfixes.h">
      <Filter>Cubic Splines\internal</Filter>
    </ClInclude>
  </ItemGroup>
  <ItemGroup>
    <ClCompile Include="glm\core\dummy.cpp">
      <Filter>glm\core</Filter>
    </ClCompile>
  </ItemGroup>
  <ItemGroup>
    <None Include="glm\core\func_common.inl">
      <Filter>glm\core</Filter>
    </None>
    <None Include="glm\core\func_exponential.inl">
      <Filter>glm\core</Filter>
    </None>
    <None Include="glm\core\func_geometric.inl">
      <Filter>glm\core</Filter>
    </None>
    <None Include="glm\core\func_integer.inl">
      <Filter>glm\core</Filter>
    </None>
    <None Include="glm\core\func_matrix.inl">
      <Filter>glm\core</Filter>
    </None>
    <None Include="glm\core\func_noise.inl">
      <Filter>glm\core</Filter>
    </None>
    <None Include="glm\core\func_packing.inl">
      <Filter>glm\core</Filter>
    </None>
    <None Include="glm\core\func_trigonometric.inl">
      <Filter>glm\core</Filter>
    </None>
    <None Include="glm\core\func_vector_relational.inl">
      <Filter>glm\core</Filter>
    </None>
    <None Include="glm\core\intrinsic_common.inl">
      <Filter>glm\core</Filter>
    </None>
    <None Include="glm\core\intrinsic_exponential.inl">
      <Filter>glm\core</Filter>
    </None>
    <None Include="glm\core\intrinsic_geometric.inl">
      <Filter>glm\core</Filter>
    </None>
    <None Include="glm\core\intrinsic_matrix.inl">
      <Filter>glm\core</Filter>
    </None>
    <None Include="glm\core\intrinsic_trigonometric.inl">
      <Filter>glm\core</Filter>
    </None>
    <None Include="glm\core\intrinsic_vector_relational.inl">
      <Filter>glm\core</Filter>
    </None>
    <None Include="glm\core\type_gentype.inl">
      <Filter>glm\core</Filter>
    </None>
    <None Include="glm\core\type_half.inl">
      <Filter>glm\core</Filter>
    </None>
    <None Include="glm\core\type_mat.inl">
      <Filter>glm\core</Filter>
    </None>
    <None Include="glm\core\type_mat2x2.inl">
      <Filter>glm\core</Filter>
    </None>
    <None Include="glm\core\type_mat2x3.inl">
      <Filter>glm\core</Filter>
    </None>
    <None Include="glm\core\type_mat2x4.inl">
      <Filter>glm\core</Filter>
    </None>
    <None Include="glm\core\type_mat3x2.inl">
      <Filter>glm\core</Filter>
    </None>
    <None Include="glm\core\type_mat3x3.inl">
      <Filter>glm\core</Filter>
    </None>
    <None Include="glm\core\type_mat3x4.inl">
      <Filter>glm\core</Filter>
    </None>
    <None Include="glm\core\type_mat4x2.inl">
      <Filter>glm\core</Filter>
    </None>
    <None Include="glm\core\type_mat4x3.inl">
      <Filter>glm\core</Filter>
    </None>
    <None Include="glm\core\type_mat4x4.inl">
      <Filter>glm\core</Filter>
    </None>
    <None Include="glm\core\type_vec.inl">
      <Filter>glm\core</Filter>
    </None>
    <None Include="glm\core\type_vec1.inl">
      <Filter>glm\core</Filter>
    </None>
    <None Include="glm\core\type_vec2.inl">
      <Filter>glm\core</Filter>
    </None>
    <None Include="glm\core\type_vec3.inl">
      <Filter>glm\core</Filter>
    </None>
    <None Include="glm\core\type_vec4.inl">
      <Filter>glm\core</Filter>
    </None>
    <None Include="glm\gtc\constants.inl">
      <Filter>glm\gtc</Filter>
    </None>
    <None Include="glm\gtc\epsilon.inl">
      <Filter>glm\gtc</Filter>
    </None>
    <None Include="glm\gtc\half_float.inl">
      <Filter>glm\gtc</Filter>
    </None>
    <None Include="glm\gtc\matrix_access.inl">
      <Filter>glm\gtc</Filter>
    </None>
    <None Include="glm\gtc\matrix_inverse.inl">
      <Filter>glm\gtc</Filter>
    </None>
    <None Include="glm\gtc\matrix_transform.inl">
      <Filter>glm\gtc</Filter>
    </None>
    <None Include="glm\gtc\noise.inl">
      <Filter>glm\gtc</Filter>
    </None>
    <None Include="glm\gtc\quaternion.inl">
      <Filter>glm\gtc</Filter>
    </None>
    <None Include="glm\gtc\random.inl">
      <Filter>glm\gtc</Filter>
    </None>
    <None Include="glm\gtc\reciprocal.inl">
      <Filter>glm\gtc</Filter>
    </None>
    <None Include="glm\gtc\swizzle.inl">
      <Filter>glm\gtc</Filter>
    </None>
    <None Include="glm\gtc\type_precision.inl">
      <Filter>glm\gtc</Filter>
    </None>
    <None Include="glm\gtc\type_ptr.inl">
      <Filter>glm\gtc</Filter>
    </None>
    <None Include="glm\gtc\ulp.inl">
      <Filter>glm\gtc</Filter>
    </None>
    <None Include="glm\gtx\associated_min_max.inl">
      <Filter>glm\gtx</Filter>
    </None>
    <None Include="glm\gtx\bit.inl">
      <Filter>glm\gtx</Filter>
    </None>
    <None Include="glm\gtx\closest_point.inl">
      <Filter>glm\gtx</Filter>
    </None>
    <None Include="glm\gtx\color_cast.inl">
      <Filter>glm\gtx</Filter>
    </None>
    <None Include="glm\gtx\color_space.inl">
      <Filter>glm\gtx</Filter>
    </None>
    <None Include="glm\gtx\color_space_YCoCg.inl">
      <Filter>glm\gtx</Filter>
    </None>
    <None Include="glm\gtx\compatibility.inl">
      <Filter>glm\gtx</Filter>
    </None>
    <None Include="glm\gtx\component_wise.inl">
      <Filter>glm\gtx</Filter>
    </None>
    <None Include="glm\gtx\euler_angles.inl">
      <Filter>glm\gtx</Filter>
    </None>
    <None Include="glm\gtx\extend.inl">
      <Filter>glm\gtx</Filter>
    </None>
    <None Include="glm\gtx\extented_min_max.inl">
      <Filter>glm\gtx</Filter>
    </None>
    <None Include="glm\gtx\fast_exponential.inl">
      <Filter>glm\gtx</Filter>
    </None>
    <None Include="glm\gtx\fast_square_root.inl">
      <Filter>glm\gtx</Filter>
    </None>
    <None Include="glm\gtx\fast_trigonometry.inl">
      <Filter>glm\gtx</Filter>
    </None>
    <None Include="glm\gtx\gradient_paint.inl">
      <Filter>glm\gtx</Filter>
    </None>
    <None Include="glm\gtx\handed_coordinate_space.inl">
      <Filter>glm\gtx</Filter>
    </None>
    <None Include="glm\gtx\inertia.inl">
      <Filter>glm\gtx</Filter>
    </None>
    <None Include="glm\gtx\int_10_10_10_2.inl">
      <Filter>glm\gtx</Filter>
    </None>
    <None Include="glm\gtx\integer.inl">
      <Filter>glm\gtx</Filter>
    </None>
    <None Include="glm\gtx\intersect.inl">
      <Filter>glm\gtx</Filter>
    </None>
    <None Include="glm\gtx\log_base.inl">
      <Filter>glm\gtx</Filter>
    </None>
    <None Include="glm\gtx\matrix_cross_product.inl">
      <Filter>glm\gtx</Filter>
    </None>
    <None Include="glm\gtx\matrix_interpolation.inl">
      <Filter>glm\gtx</Filter>
    </None>
    <None Include="glm\gtx\matrix_major_storage.inl">
      <Filter>glm\gtx</Filter>
    </None>
    <None Include="glm\gtx\matrix_operation.inl">
      <Filter>glm\gtx</Filter>
    </None>
    <None Include="glm\gtx\matrix_query.inl">
      <Filter>glm\gtx</Filter>
    </None>
    <None Include="glm\gtx\mixed_product.inl">
      <Filter>glm\gtx</Filter>
    </None>
    <None Include="glm\gtx\multiple.inl">
      <Filter>glm\gtx</Filter>
    </None>
    <None Include="glm\gtx\norm.inl">
      <Filter>glm\gtx</Filter>
    </None>
    <None Include="glm\gtx\normal.inl">
      <Filter>glm\gtx</Filter>
    </None>
    <None Include="glm\gtx\normalize_dot.inl">
      <Filter>glm\gtx</Filter>
    </None>
    <None Include="glm\gtx\number_precision.inl">
      <Filter>glm\gtx</Filter>
    </None>
    <None Include="glm\gtx\ocl_type.inl">
      <Filter>glm\gtx</Filter>
    </None>
    <None Include="glm\gtx\optimum_pow.inl">
      <Filter>glm\gtx</Filter>
    </None>
    <None Include="glm\gtx\orthonormalize.inl">
      <Filter>glm\gtx</Filter>
    </None>
    <None Include="glm\gtx\perpendicular.inl">
      <Filter>glm\gtx</Filter>
    </None>
    <None Include="glm\gtx\polar_coordinates.inl">
      <Filter>glm\gtx</Filter>
    </None>
    <None Include="glm\gtx\projection.inl">
      <Filter>glm\gtx</Filter>
    </None>
    <None Include="glm\gtx\quaternion.inl">
      <Filter>glm\gtx</Filter>
    </None>
    <None Include="glm\gtx\raw_data.inl">
      <Filter>glm\gtx</Filter>
    </None>
    <None Include="glm\gtx\rotate_vector.inl">
      <Filter>glm\gtx</Filter>
    </None>
    <None Include="glm\gtx\simd_mat4.inl">
      <Filter>glm\gtx</Filter>
    </None>
    <None Include="glm\gtx\simd_vec4.inl">
      <Filter>glm\gtx</Filter>
    </None>
    <None Include="glm\gtx\spline.inl">
      <Filter>glm\gtx</Filter>
    </None>
    <None Include="glm\gtx\std_based_type.inl">
      <Filter>glm\gtx</Filter>
    </None>
    <None Include="glm\gtx\string_cast.inl">
      <Filter>glm\gtx</Filter>
    </None>
    <None Include="glm\gtx\transform.inl">
      <Filter>glm\gtx</Filter>
    </None>
    <None Include="glm\gtx\transform2.inl">
      <Filter>glm\gtx</Filter>
    </None>
    <None Include="glm\gtx\unsigned_int.inl">
      <Filter>glm\gtx</Filter>
    </None>
    <None Include="glm\gtx\vec1.inl">
      <Filter>glm\gtx</Filter>
    </None>
    <None Include="glm\gtx\vector_access.inl">
      <Filter>glm\gtx</Filter>
    </None>
    <None Include="glm\gtx\vector_angle.inl">
      <Filter>glm\gtx</Filter>
    </None>
    <None Include="glm\gtx\vector_query.inl">
      <Filter>glm\gtx</Filter>
    </None>
    <None Include="glm\gtx\verbose_operator.inl">
      <Filter>glm\gtx</Filter>
    </None>
    <None Include="glm\gtx\wrap.inl">
      <Filter>glm\gtx</Filter>
    </None>
    <None Include="Functions.cuh">
      <Filter>Headers</Filter>
    </None>
    <None Include="Prerequisites.cuh">
      <Filter>Headers</Filter>
    </None>
    <None Include="DeviceFunctions.cuh">
      <Filter>Headers</Filter>
    </None>
  </ItemGroup>
  <ItemGroup>
    <CudaCompile Include="FFT\FFT.cu">
      <Filter>FFT</Filter>
    </CudaCompile>
    <CudaCompile Include="Helpers\TypeConversion.cu">
      <Filter>Helpers</Filter>
    </CudaCompile>
    <CudaCompile Include="FFT\IFFT.cu">
      <Filter>FFT</Filter>
    </CudaCompile>
    <CudaCompile Include="Helpers\HermitianSymmetry.cu">
      <Filter>Helpers</Filter>
    </CudaCompile>
    <CudaCompile Include="Helpers\Memory.cu">
      <Filter>Helpers</Filter>
    </CudaCompile>
    <CudaCompile Include="Generics\Arithmetics.cu">
      <Filter>Generics</Filter>
    </CudaCompile>
    <CudaCompile Include="Masking\SphereMask.cu">
      <Filter>Masking</Filter>
    </CudaCompile>
    <CudaCompile Include="Generics\Sum.cu">
      <Filter>Generics</Filter>
    </CudaCompile>
    <CudaCompile Include="Generics\MinMax.cu">
      <Filter>Generics</Filter>
    </CudaCompile>
    <CudaCompile Include="Masking\Remap.cu">
      <Filter>Masking</Filter>
    </CudaCompile>
    <CudaCompile Include="Generics\Dev.cu">
      <Filter>Generics</Filter>
    </CudaCompile>
    <CudaCompile Include="Generics\CompositeArithmetics.cu">
      <Filter>Generics</Filter>
    </CudaCompile>
    <CudaCompile Include="Generics\SumMinMax.cu">
      <Filter>Generics</Filter>
    </CudaCompile>
    <CudaCompile Include="ImageManipulation\Norm.cu">
      <Filter>Image Manipulation</Filter>
    </CudaCompile>
    <CudaCompile Include="Alignment\Align2D.cu">
      <Filter>Alignment</Filter>
    </CudaCompile>
    <CudaCompile Include="ImageManipulation\Bandpass.cu">
      <Filter>Image Manipulation</Filter>
    </CudaCompile>
    <CudaCompile Include="FFT\FFTRemap.cu">
      <Filter>FFT</Filter>
    </CudaCompile>
    <CudaCompile Include="Masking\RectangleMask.cu">
      <Filter>Masking</Filter>
    </CudaCompile>
    <CudaCompile Include="CubicSplines\cubicPrefilter2D.cu">
      <Filter>Cubic Splines</Filter>
    </CudaCompile>
    <CudaCompile Include="CubicSplines\cubicPrefilter3D.cu">
      <Filter>Cubic Splines</Filter>
    </CudaCompile>
    <CudaCompile Include="CubicSplines\memcpy.cu">
      <Filter>Cubic Splines</Filter>
    </CudaCompile>
    <CudaCompile Include="CubicSplines\internal\bspline_kernel.cu">
      <Filter>Cubic Splines\internal</Filter>
    </CudaCompile>
    <CudaCompile Include="CubicSplines\internal\cubicPrefilter_kernel.cu">
      <Filter>Cubic Splines\internal</Filter>
    </CudaCompile>
    <CudaCompile Include="CubicSplines\internal\math_func.cu">
      <Filter>Cubic Splines\internal</Filter>
    </CudaCompile>
    <CudaCompile Include="CubicSplines\internal\version.cu">
      <Filter>Cubic Splines\internal</Filter>
    </CudaCompile>
    <CudaCompile Include="CubicSplines\internal\cubicTexKernels.cu">
      <Filter>Cubic Splines\internal</Filter>
    </CudaCompile>
    <CudaCompile Include="CubicSplines\cubicTex.cu">
      <Filter>Cubic Splines</Filter>
    </CudaCompile>
    <CudaCompile Include="Correlation\CCF.cu">
      <Filter>Correlation</Filter>
    </CudaCompile>
    <CudaCompile Include="Transformation\Shift.cu">
      <Filter>Transformation</Filter>
    </CudaCompile>
    <CudaCompile Include="Transformation\Coordinates.cu">
      <Filter>Transformation</Filter>
    </CudaCompile>
    <CudaCompile Include="Transformation\Bin.cu">
      <Filter>Transformation</Filter>
    </CudaCompile>
    <CudaCompile Include="Transformation\Scale.cu">
      <Filter>Transformation</Filter>
    </CudaCompile>
    <CudaCompile Include="Correlation\Peak.cu">
      <Filter>Correlation</Filter>
    </CudaCompile>
    <CudaCompile Include="FFT\FFTResize.cu">
      <Filter>FFT</Filter>
    </CudaCompile>
    <CudaCompile Include="Generics\Extraction.cu">
      <Filter>Generics</Filter>
    </CudaCompile>
    <CudaCompile Include="Helpers\Misc.cu">
      <Filter>Helpers</Filter>
    </CudaCompile>
    <CudaCompile Include="Helpers\MDPointer.cu">
      <Filter>Helpers</Filter>
    </CudaCompile>
    <CudaCompile Include="ImageManipulation\Xray.cu">
      <Filter>Image Manipulation</Filter>
    </CudaCompile>
  </ItemGroup>
</Project>