<?xml version="1.0" encoding="utf-8"?>
<Project ToolsVersion="4.0" xmlns="http://schemas.microsoft.com/developer/msbuild/2003">
  <ItemGroup>
    <Filter Include="Headers">
      <UniqueIdentifier>{2f7769a2-69b0-4098-888c-7920679e6ee4}</UniqueIdentifier>
    </Filter>
    <Filter Include="FFT">
      <UniqueIdentifier>{4bf12507-1cbe-48a6-a7b4-6669bd4ef946}</UniqueIdentifier>
    </Filter>
    <Filter Include="Helpers">
      <UniqueIdentifier>{5204989d-a10c-4d4f-89fc-24365d4c5891}</UniqueIdentifier>
    </Filter>
    <Filter Include="Generics">
      <UniqueIdentifier>{d491355b-33db-44fd-8cd0-8ed024086add}</UniqueIdentifier>
    </Filter>
    <Filter Include="Masking">
      <UniqueIdentifier>{c45d3d3a-e1b1-404a-b649-92ec88389380}</UniqueIdentifier>
    </Filter>
    <Filter Include="Image Manipulation">
      <UniqueIdentifier>{7821bd65-9a28-4724-9bd5-3a5b25d9c823}</UniqueIdentifier>
    </Filter>
    <Filter Include="Alignment">
      <UniqueIdentifier>{9ed67da0-c4df-4e12-8697-c66e9eded4ea}</UniqueIdentifier>
    </Filter>
    <Filter Include="Cubic Splines">
      <UniqueIdentifier>{3798f66a-a1a2-4dc3-9999-d9552b15eea2}</UniqueIdentifier>
    </Filter>
    <Filter Include="Cubic Splines\internal">
      <UniqueIdentifier>{c3b0fd44-d3e8-499f-8eba-5e28f5ac0cf0}</UniqueIdentifier>
    </Filter>
    <Filter Include="Correlation">
      <UniqueIdentifier>{cfbf289c-1c9d-4a20-8674-5d0c86ef39bf}</UniqueIdentifier>
    </Filter>
    <Filter Include="Transformation">
      <UniqueIdentifier>{c8529e15-b02c-48f5-80e7-d695534f516f}</UniqueIdentifier>
    </Filter>
    <Filter Include="Projection">
      <UniqueIdentifier>{4487c3c6-ddb5-4c3d-b8b0-eaf39855fcd0}</UniqueIdentifier>
    </Filter>
    <Filter Include="IO">
      <UniqueIdentifier>{85cbea72-f52e-4839-9e69-e816e62d7cbb}</UniqueIdentifier>
    </Filter>
    <Filter Include="BinaryManipulation">
      <UniqueIdentifier>{532ff7b2-7efc-429c-b2e4-60e7003d8d65}</UniqueIdentifier>
    </Filter>
    <Filter Include="Resolution">
      <UniqueIdentifier>{f7ebed85-3baa-426a-be58-68d516779eff}</UniqueIdentifier>
    </Filter>
    <Filter Include="Reconstruction">
      <UniqueIdentifier>{c345958e-abbd-4a78-8ff9-a90dcc8739e3}</UniqueIdentifier>
    </Filter>
    <Filter Include="Tomography">
      <UniqueIdentifier>{3ed6bd75-1d43-4392-8ba8-1102c2283da7}</UniqueIdentifier>
    </Filter>
    <Filter Include="Optimization">
      <UniqueIdentifier>{e36a887e-c07a-4398-9b50-422219b88fa8}</UniqueIdentifier>
    </Filter>
    <Filter Include="CTF">
      <UniqueIdentifier>{18b7d81d-31a5-459f-8cef-f0316ea83217}</UniqueIdentifier>
    </Filter>
    <Filter Include="PCA">
      <UniqueIdentifier>{12706eb5-abad-4971-930f-7c0546d0007f}</UniqueIdentifier>
    </Filter>
  </ItemGroup>
  <ItemGroup>
    <ClInclude Include="include\Alignment.cuh">
      <Filter>Headers</Filter>
    </ClInclude>
    <ClInclude Include="include\Binary.cuh">
      <Filter>Headers</Filter>
    </ClInclude>
    <ClInclude Include="include\Correlation.cuh">
      <Filter>Headers</Filter>
    </ClInclude>
    <ClInclude Include="include\CubicInterp.cuh">
      <Filter>Headers</Filter>
    </ClInclude>
    <ClInclude Include="include\FFT.cuh">
      <Filter>Headers</Filter>
    </ClInclude>
    <ClInclude Include="include\Generics.cuh">
      <Filter>Headers</Filter>
    </ClInclude>
    <ClInclude Include="include\Helper.cuh">
      <Filter>Headers</Filter>
    </ClInclude>
    <ClInclude Include="include\ImageManipulation.cuh">
      <Filter>Headers</Filter>
    </ClInclude>
    <ClInclude Include="include\IO.cuh">
      <Filter>Headers</Filter>
    </ClInclude>
    <ClInclude Include="include\Masking.cuh">
      <Filter>Headers</Filter>
    </ClInclude>
    <ClInclude Include="include\Projection.cuh">
      <Filter>Headers</Filter>
    </ClInclude>
    <ClInclude Include="include\Reconstruction.cuh">
      <Filter>Headers</Filter>
    </ClInclude>
    <ClInclude Include="include\Resolution.cuh">
      <Filter>Headers</Filter>
    </ClInclude>
    <ClInclude Include="include\Tomography.cuh">
      <Filter>Headers</Filter>
    </ClInclude>
    <ClInclude Include="include\Transformation.cuh">
      <Filter>Headers</Filter>
    </ClInclude>
    <ClInclude Include="include\cutil_math_bugfixes.h">
      <Filter>Headers</Filter>
    </ClInclude>
    <ClInclude Include="include\Optimization.cuh">
      <Filter>Headers</Filter>
    </ClInclude>
    <ClInclude Include="include\CTF.cuh">
      <Filter>Headers</Filter>
    </ClInclude>
    <ClInclude Include="include\PCA.cuh">
      <Filter>Headers</Filter>
    </ClInclude>
  </ItemGroup>
  <ItemGroup>
    <None Include="include\Prerequisites.cuh">
      <Filter>Headers</Filter>
    </None>
    <None Include="include\DeviceFunctions.cuh">
      <Filter>Headers</Filter>
    </None>
    <None Include="include\Angles.cuh">
      <Filter>Headers</Filter>
    </None>
    <None Include="include\GTOM.cuh">
      <Filter>Headers</Filter>
    </None>
  </ItemGroup>
  <ItemGroup>
    <CudaCompile Include="src\FFT\FFT.cu">
      <Filter>FFT</Filter>
    </CudaCompile>
    <CudaCompile Include="src\Helpers\TypeConversion.cu">
      <Filter>Helpers</Filter>
    </CudaCompile>
    <CudaCompile Include="src\FFT\IFFT.cu">
      <Filter>FFT</Filter>
    </CudaCompile>
    <CudaCompile Include="src\Helpers\HermitianSymmetry.cu">
      <Filter>Helpers</Filter>
    </CudaCompile>
    <CudaCompile Include="src\Helpers\Memory.cu">
      <Filter>Helpers</Filter>
    </CudaCompile>
    <CudaCompile Include="src\Generics\Arithmetics.cu">
      <Filter>Generics</Filter>
    </CudaCompile>
    <CudaCompile Include="src\Masking\SphereMask.cu">
      <Filter>Masking</Filter>
    </CudaCompile>
    <CudaCompile Include="src\Generics\Sum.cu">
      <Filter>Generics</Filter>
    </CudaCompile>
    <CudaCompile Include="src\Generics\MinMax.cu">
      <Filter>Generics</Filter>
    </CudaCompile>
    <CudaCompile Include="src\Masking\Remap.cu">
      <Filter>Masking</Filter>
    </CudaCompile>
    <CudaCompile Include="src\Generics\Dev.cu">
      <Filter>Generics</Filter>
    </CudaCompile>
    <CudaCompile Include="src\Generics\CompositeArithmetics.cu">
      <Filter>Generics</Filter>
    </CudaCompile>
    <CudaCompile Include="src\Generics\SumMinMax.cu">
      <Filter>Generics</Filter>
    </CudaCompile>
    <CudaCompile Include="src\ImageManipulation\Norm.cu">
      <Filter>Image Manipulation</Filter>
    </CudaCompile>
    <CudaCompile Include="src\Alignment\Align2D.cu">
      <Filter>Alignment</Filter>
    </CudaCompile>
    <CudaCompile Include="src\ImageManipulation\Bandpass.cu">
      <Filter>Image Manipulation</Filter>
    </CudaCompile>
    <CudaCompile Include="src\FFT\FFTRemap.cu">
      <Filter>FFT</Filter>
    </CudaCompile>
    <CudaCompile Include="src\CubicSplines\cubicPrefilter2D.cu">
      <Filter>Cubic Splines</Filter>
    </CudaCompile>
    <CudaCompile Include="src\CubicSplines\cubicPrefilter3D.cu">
      <Filter>Cubic Splines</Filter>
    </CudaCompile>
    <CudaCompile Include="src\CubicSplines\memcpy.cu">
      <Filter>Cubic Splines</Filter>
    </CudaCompile>
    <CudaCompile Include="src\CubicSplines\internal\bspline_kernel.cu">
      <Filter>Cubic Splines\internal</Filter>
    </CudaCompile>
    <CudaCompile Include="src\CubicSplines\internal\cubicPrefilter_kernel.cu">
      <Filter>Cubic Splines\internal</Filter>
    </CudaCompile>
    <CudaCompile Include="src\CubicSplines\internal\math_func.cu">
      <Filter>Cubic Splines\internal</Filter>
    </CudaCompile>
    <CudaCompile Include="src\CubicSplines\internal\version.cu">
      <Filter>Cubic Splines\internal</Filter>
    </CudaCompile>
    <CudaCompile Include="src\CubicSplines\cubicTex.cu">
      <Filter>Cubic Splines</Filter>
    </CudaCompile>
    <CudaCompile Include="src\Correlation\CCF.cu">
      <Filter>Correlation</Filter>
    </CudaCompile>
    <CudaCompile Include="src\Transformation\Shift.cu">
      <Filter>Transformation</Filter>
    </CudaCompile>
    <CudaCompile Include="src\Transformation\Coordinates.cu">
      <Filter>Transformation</Filter>
    </CudaCompile>
    <CudaCompile Include="src\Transformation\Bin.cu">
      <Filter>Transformation</Filter>
    </CudaCompile>
    <CudaCompile Include="src\Transformation\Scale.cu">
      <Filter>Transformation</Filter>
    </CudaCompile>
    <CudaCompile Include="src\Correlation\Peak.cu">
      <Filter>Correlation</Filter>
    </CudaCompile>
    <CudaCompile Include="src\FFT\FFTResize.cu">
      <Filter>FFT</Filter>
    </CudaCompile>
    <CudaCompile Include="src\Generics\Extraction.cu">
      <Filter>Generics</Filter>
    </CudaCompile>
    <CudaCompile Include="src\Helpers\Misc.cu">
      <Filter>Helpers</Filter>
    </CudaCompile>
    <CudaCompile Include="src\Helpers\MDPointer.cu">
      <Filter>Helpers</Filter>
    </CudaCompile>
    <CudaCompile Include="src\ImageManipulation\Xray.cu">
      <Filter>Image Manipulation</Filter>
    </CudaCompile>
    <CudaCompile Include="src\Projection\Backward.cu">
      <Filter>Projection</Filter>
    </CudaCompile>
    <CudaCompile Include="src\Projection\Forward.cu">
      <Filter>Projection</Filter>
    </CudaCompile>
    <CudaCompile Include="src\Generics\MinMaxMonolithic.cu">
      <Filter>Generics</Filter>
    </CudaCompile>
    <CudaCompile Include="src\Correlation\LocalPeaks.cu">
      <Filter>Correlation</Filter>
    </CudaCompile>
    <CudaCompile Include="src\BinaryManipulation\Dilate.cu">
      <Filter>BinaryManipulation</Filter>
    </CudaCompile>
    <CudaCompile Include="src\BinaryManipulation\Binarize.cu">
      <Filter>BinaryManipulation</Filter>
    </CudaCompile>
    <CudaCompile Include="src\Generics\Padding.cu">
      <Filter>Generics</Filter>
    </CudaCompile>
    <CudaCompile Include="src\Masking\Windows.cu">
      <Filter>Masking</Filter>
    </CudaCompile>
    <CudaCompile Include="src\Resolution\FSC.cu">
      <Filter>Resolution</Filter>
    </CudaCompile>
    <CudaCompile Include="src\Generics\Reductions.cu">
      <Filter>Generics</Filter>
    </CudaCompile>
    <CudaCompile Include="src\Generics\IndexOf.cu">
      <Filter>Generics</Filter>
    </CudaCompile>
    <CudaCompile Include="src\Resolution\LocalFSC.cu">
      <Filter>Resolution</Filter>
    </CudaCompile>
    <CudaCompile Include="src\Generics\Histogram.cu">
      <Filter>Generics</Filter>
    </CudaCompile>
    <CudaCompile Include="src\ImageManipulation\LocalLowpass.cu">
      <Filter>Image Manipulation</Filter>
    </CudaCompile>
    <CudaCompile Include="src\Alignment\Align3D.cu">
      <Filter>Alignment</Filter>
    </CudaCompile>
    <CudaCompile Include="src\Transformation\Rotation.cu">
      <Filter>Transformation</Filter>
    </CudaCompile>
    <CudaCompile Include="src\Helpers\Euler.cu">
      <Filter>Helpers</Filter>
    </CudaCompile>
    <CudaCompile Include="src\Generics\MakeAtlas.cu">
      <Filter>Helpers</Filter>
    </CudaCompile>
    <CudaCompile Include="src\Helpers\AngularSpacing.cu">
      <Filter>Helpers</Filter>
    </CudaCompile>
    <CudaCompile Include="src\Resolution\AnisotropicFSC.cu">
      <Filter>Resolution</Filter>
    </CudaCompile>
    <CudaCompile Include="src\ImageManipulation\AnisotropicLowpass.cu">
      <Filter>Image Manipulation</Filter>
    </CudaCompile>
    <CudaCompile Include="src\Masking\IrregularSphereMask.cu">
      <Filter>Masking</Filter>
    </CudaCompile>
    <CudaCompile Include="src\Reconstruction\RecFourier.cu">
      <Filter>Reconstruction</Filter>
    </CudaCompile>
    <CudaCompile Include="src\Tomography\InterpolateSingleAxis.cu">
      <Filter>Tomography</Filter>
    </CudaCompile>
    <CudaCompile Include="src\Resolution\LocalAnisotropicFSC.cu">
      <Filter>Resolution</Filter>
    </CudaCompile>
    <CudaCompile Include="src\Reconstruction\RecFourierAdd.cu">
      <Filter>Reconstruction</Filter>
    </CudaCompile>
    <CudaCompile Include="src\Helpers\TextureObject.cu">
      <Filter>Helpers</Filter>
    </CudaCompile>
    <CudaCompile Include="src\Helpers\TextureObject.cu">
      <Filter>Helpers</Filter>
    </CudaCompile>
    <CudaCompile Include="src\Projection\Weighting.cu">
      <Filter>Projection</Filter>
    </CudaCompile>
    <CudaCompile Include="src\Transformation\Combined.cu">
      <Filter>Transformation</Filter>
    </CudaCompile>
    <CudaCompile Include="src\Masking\RectangleMask.cu">
      <Filter>Masking</Filter>
    </CudaCompile>
    <CudaCompile Include="src\Reconstruction\RecSIRT.cu">
      <Filter>Reconstruction</Filter>
    </CudaCompile>
    <CudaCompile Include="src\Reconstruction\RecWBP.cu">
      <Filter>Reconstruction</Filter>
    </CudaCompile>
    <CudaCompile Include="src\Optimization\PolynomialFit.cu">
      <Filter>Optimization</Filter>
    </CudaCompile>
    <CudaCompile Include="src\CTF\Decay.cu">
      <Filter>CTF</Filter>
    </CudaCompile>
    <CudaCompile Include="src\CTF\Periodogram.cu">
      <Filter>CTF</Filter>
    </CudaCompile>
    <CudaCompile Include="src\Generics\Polynomials.cu">
      <Filter>Generics</Filter>
    </CudaCompile>
    <CudaCompile Include="src\CTF\Fit.cu">
      <Filter>CTF</Filter>
    </CudaCompile>
    <CudaCompile Include="src\CTF\Simulate.cu">
      <Filter>CTF</Filter>
    </CudaCompile>
    <CudaCompile Include="src\CTF\Correct.cu">
      <Filter>CTF</Filter>
    </CudaCompile>
    <CudaCompile Include="src\CTF\Wiener.cu">
      <Filter>CTF</Filter>
    </CudaCompile>
    <CudaCompile Include="src\CTF\TiltFit.cu">
      <Filter>CTF</Filter>
    </CudaCompile>
    <CudaCompile Include="src\PCA\GS.cu">
      <Filter>PCA</Filter>
    </CudaCompile>
    <CudaCompile Include="src\PCA\NIPALS.cu">
      <Filter>PCA</Filter>
    </CudaCompile>
    <CudaCompile Include="src\Correlation\SimilarityMatrix.cu">
      <Filter>Correlation</Filter>
    </CudaCompile>
    <CudaCompile Include="src\Transformation\FFTLines.cu">
      <Filter>Transformation</Filter>
    </CudaCompile>
  </ItemGroup>
  <ItemGroup>
    <ClCompile Include="src\IO\em.cpp">
      <Filter>IO</Filter>
    </ClCompile>
    <ClCompile Include="src\IO\mrc.cpp">
      <Filter>IO</Filter>
    </ClCompile>
    <ClCompile Include="src\IO\raw.cpp">
      <Filter>IO</Filter>
    </ClCompile>
    <ClCompile Include="src\Optimization\dlib\all\source.cpp">
      <Filter>Optimization</Filter>
    </ClCompile>
  </ItemGroup>
</Project>