<?xml version="1.0" encoding="utf-8"?>
<Project ToolsVersion="4.0" xmlns="http://schemas.microsoft.com/developer/msbuild/2003">
  <ItemGroup>
    <Filter Include="Source Files">
      <UniqueIdentifier>{4FC737F1-C7A5-4376-A066-2A32D752A2FF}</UniqueIdentifier>
      <Extensions>cpp;c;cc;cxx;def;odl;idl;hpj;bat;asm;asmx</Extensions>
    </Filter>
    <Filter Include="Header Files">
      <UniqueIdentifier>{93995380-89BD-4b04-88EB-625FBE52EBFB}</UniqueIdentifier>
      <Extensions>h;hpp;hxx;hm;inl;inc;xsd</Extensions>
    </Filter>
    <Filter Include="Resource Files">
      <UniqueIdentifier>{67DA6AB6-F800-4c08-8B7A-83BB121AAD01}</UniqueIdentifier>
      <Extensions>rc;ico;cur;bmp;dlg;rc2;rct;bin;rgs;gif;jpg;jpeg;jpe;resx;tiff;tif;png;wav;mfcribbon-ms</Extensions>
    </Filter>
    <Filter Include="Source Files\FFT">
      <UniqueIdentifier>{b9e7f5f2-df1f-4a17-b6f7-689de09430b7}</UniqueIdentifier>
    </Filter>
    <Filter Include="Source Files\Generics">
      <UniqueIdentifier>{01b19b4f-8ac7-4da6-9b75-a523fe49d6ff}</UniqueIdentifier>
    </Filter>
    <Filter Include="Source Files\Masking">
      <UniqueIdentifier>{98e12c3c-eed0-4c25-a7ad-93001340c0d1}</UniqueIdentifier>
    </Filter>
    <Filter Include="Source Files\Image Manipulation">
      <UniqueIdentifier>{ab2ef8f4-6b27-4153-a27c-f21d92aec8e7}</UniqueIdentifier>
    </Filter>
    <Filter Include="Source Files\Correlation">
      <UniqueIdentifier>{672c3915-d074-46d0-976b-df01c7bf6d87}</UniqueIdentifier>
    </Filter>
  </ItemGroup>
  <ItemGroup>
    <ClCompile Include="Helper.cpp">
      <Filter>Source Files</Filter>
    </ClCompile>
    <ClCompile Include="FFTR2C.cpp">
      <Filter>Source Files\FFT</Filter>
    </ClCompile>
    <ClCompile Include="Sum.cpp">
      <Filter>Source Files\Generics</Filter>
    </ClCompile>
    <ClCompile Include="Min.cpp">
      <Filter>Source Files\Generics</Filter>
    </ClCompile>
    <ClCompile Include="Max.cpp">
      <Filter>Source Files\Generics</Filter>
    </ClCompile>
    <ClCompile Include="Remap.cpp">
      <Filter>Source Files\Masking</Filter>
    </ClCompile>
    <ClCompile Include="Dev.cpp">
      <Filter>Source Files\Generics</Filter>
    </ClCompile>
    <ClCompile Include="Norm.cpp">
      <Filter>Source Files\Image Manipulation</Filter>
    </ClCompile>
    <ClCompile Include="Bin.cpp">
      <Filter>Source Files\Image Manipulation</Filter>
    </ClCompile>
    <ClCompile Include="SphereMask.cpp">
      <Filter>Source Files\Masking</Filter>
    </ClCompile>
    <ClCompile Include="Bandpass.cpp">
      <Filter>Source Files\Image Manipulation</Filter>
    </ClCompile>
    <ClCompile Include="FFTRemap.cpp">
      <Filter>Source Files\FFT</Filter>
    </ClCompile>
    <ClCompile Include="Coordinates.cpp">
      <Filter>Source Files\Image Manipulation</Filter>
    </ClCompile>
    <ClCompile Include="RectangleMask.cpp">
      <Filter>Source Files\Masking</Filter>
    </ClCompile>
    <ClCompile Include="Shift.cpp">
      <Filter>Source Files\Image Manipulation</Filter>
    </ClCompile>
    <ClCompile Include="CCF.cpp">
      <Filter>Source Files\Correlation</Filter>
    </ClCompile>
  </ItemGroup>
  <ItemGroup>
    <ClInclude Include="Prerequisites.h">
      <Filter>Header Files</Filter>
    </ClInclude>
  </ItemGroup>
</Project>