<?xml version="1.0" encoding="utf-8"?>
<Project ToolsVersion="4.0" xmlns="http://schemas.microsoft.com/developer/msbuild/2003">
  <ItemGroup>
    <Filter Include="Source Files">
      <UniqueIdentifier>{4FC737F1-C7A5-4376-A066-2A32D752A2FF}</UniqueIdentifier>
      <Extensions>cpp;c;cc;cxx;def;odl;idl;hpj;bat;asm;asmx</Extensions>
    </Filter>
    <Filter Include="Header Files">
      <UniqueIdentifier>{93995380-89BD-4b04-88EB-625FBE52EBFB}</UniqueIdentifier>
      <Extensions>h;hpp;hxx;hm;inl;inc;xsd</Extensions>
    </Filter>
    <Filter Include="Resource Files">
      <UniqueIdentifier>{67DA6AB6-F800-4c08-8B7A-83BB121AAD01}</UniqueIdentifier>
      <Extensions>rc;ico;cur;bmp;dlg;rc2;rct;bin;rgs;gif;jpg;jpeg;jpe;resx;tiff;tif;png;wav;mfcribbon-ms</Extensions>
    </Filter>
    <Filter Include="Source Files\FFT">
      <UniqueIdentifier>{b9e7f5f2-df1f-4a17-b6f7-689de09430b7}</UniqueIdentifier>
    </Filter>
    <Filter Include="Source Files\Generics">
      <UniqueIdentifier>{01b19b4f-8ac7-4da6-9b75-a523fe49d6ff}</UniqueIdentifier>
    </Filter>
    <Filter Include="Source Files\Masking">
      <UniqueIdentifier>{98e12c3c-eed0-4c25-a7ad-93001340c0d1}</UniqueIdentifier>
    </Filter>
    <Filter Include="Source Files\Image Manipulation">
      <UniqueIdentifier>{ab2ef8f4-6b27-4153-a27c-f21d92aec8e7}</UniqueIdentifier>
    </Filter>
    <Filter Include="Source Files\Correlation">
      <UniqueIdentifier>{672c3915-d074-46d0-976b-df01c7bf6d87}</UniqueIdentifier>
    </Filter>
    <Filter Include="Source Files\Transformation">
      <UniqueIdentifier>{7c37fb68-3b80-4e1d-a90f-a13a22f03206}</UniqueIdentifier>
    </Filter>
    <Filter Include="Source Files\Projection">
      <UniqueIdentifier>{b45d69cd-9cb6-4e3e-8f4f-a360b41260c1}</UniqueIdentifier>
    </Filter>
    <Filter Include="Source Files\Alignment">
      <UniqueIdentifier>{a82d7b36-0c32-47a3-9322-d0f20d7890cc}</UniqueIdentifier>
    </Filter>
    <Filter Include="Source Files\Resolution">
      <UniqueIdentifier>{ffebf946-675e-4bcb-b6e4-dc3c96271e7f}</UniqueIdentifier>
    </Filter>
    <Filter Include="Source Files\Reconstruction">
      <UniqueIdentifier>{a2043cad-fb84-4935-9f83-732fe4d6d90b}</UniqueIdentifier>
    </Filter>
    <Filter Include="Source Files\MEXProfiling">
      <UniqueIdentifier>{834dc913-7d69-4a06-aacd-ff762b8e70cc}</UniqueIdentifier>
    </Filter>
    <Filter Include="Source Files\Optimization">
      <UniqueIdentifier>{be97e178-1914-4f6d-ab37-6453d4ec4132}</UniqueIdentifier>
    </Filter>
    <Filter Include="Source Files\CTF">
      <UniqueIdentifier>{610af43e-0402-4869-926f-fa99296f2ff1}</UniqueIdentifier>
    </Filter>
    <Filter Include="Source Files\PCA">
      <UniqueIdentifier>{2879e57e-9700-4131-8e4a-0b7fa0d61b7a}</UniqueIdentifier>
    </Filter>
    <Filter Include="Source Files\Helpers">
      <UniqueIdentifier>{95fcf15b-125f-4629-91dc-fb2bbc1ccf6a}</UniqueIdentifier>
    </Filter>
  </ItemGroup>
  <ItemGroup>
    <ClCompile Include="Helper.cpp">
      <Filter>Source Files</Filter>
    </ClCompile>
    <ClCompile Include="FFTR2C.cpp">
      <Filter>Source Files\FFT</Filter>
    </ClCompile>
    <ClCompile Include="Sum.cpp">
      <Filter>Source Files\Generics</Filter>
    </ClCompile>
    <ClCompile Include="Min.cpp">
      <Filter>Source Files\Generics</Filter>
    </ClCompile>
    <ClCompile Include="Max.cpp">
      <Filter>Source Files\Generics</Filter>
    </ClCompile>
    <ClCompile Include="Remap.cpp">
      <Filter>Source Files\Masking</Filter>
    </ClCompile>
    <ClCompile Include="Dev.cpp">
      <Filter>Source Files\Generics</Filter>
    </ClCompile>
    <ClCompile Include="Norm.cpp">
      <Filter>Source Files\Image Manipulation</Filter>
    </ClCompile>
    <ClCompile Include="SphereMask.cpp">
      <Filter>Source Files\Masking</Filter>
    </ClCompile>
    <ClCompile Include="Bandpass.cpp">
      <Filter>Source Files\Image Manipulation</Filter>
    </ClCompile>
    <ClCompile Include="FFTRemap.cpp">
      <Filter>Source Files\FFT</Filter>
    </ClCompile>
    <ClCompile Include="RectangleMask.cpp">
      <Filter>Source Files\Masking</Filter>
    </ClCompile>
    <ClCompile Include="CCF.cpp">
      <Filter>Source Files\Correlation</Filter>
    </ClCompile>
    <ClCompile Include="Bin.cpp">
      <Filter>Source Files\Transformation</Filter>
    </ClCompile>
    <ClCompile Include="Coordinates.cpp">
      <Filter>Source Files\Transformation</Filter>
    </ClCompile>
    <ClCompile Include="Shift.cpp">
      <Filter>Source Files\Transformation</Filter>
    </ClCompile>
    <ClCompile Include="Scale.cpp">
      <Filter>Source Files\Transformation</Filter>
    </ClCompile>
    <ClCompile Include="FFTResize.cpp">
      <Filter>Source Files\FFT</Filter>
    </ClCompile>
    <ClCompile Include="Peak.cpp">
      <Filter>Source Files\Correlation</Filter>
    </ClCompile>
    <ClCompile Include="Extraction.cpp">
      <Filter>Source Files\Generics</Filter>
    </ClCompile>
    <ClCompile Include="Xray.cpp">
      <Filter>Source Files\Image Manipulation</Filter>
    </ClCompile>
    <ClCompile Include="Backward.cpp">
      <Filter>Source Files\Projection</Filter>
    </ClCompile>
    <ClCompile Include="Forward.cpp">
      <Filter>Source Files\Projection</Filter>
    </ClCompile>
    <ClCompile Include="LocalPeaks.cpp">
      <Filter>Source Files\Correlation</Filter>
    </ClCompile>
    <ClCompile Include="Padding.cpp">
      <Filter>Source Files\Generics</Filter>
    </ClCompile>
    <ClCompile Include="Align2D.cpp">
      <Filter>Source Files\Alignment</Filter>
    </ClCompile>
    <ClCompile Include="FSC.cpp">
      <Filter>Source Files\Resolution</Filter>
    </ClCompile>
    <ClCompile Include="LocalFSC.cpp">
      <Filter>Source Files\Resolution</Filter>
    </ClCompile>
    <ClCompile Include="Histogram.cpp">
      <Filter>Source Files\Generics</Filter>
    </ClCompile>
    <ClCompile Include="Align3D.cpp">
      <Filter>Source Files\Alignment</Filter>
    </ClCompile>
    <ClCompile Include="Rotation.cpp">
      <Filter>Source Files\Transformation</Filter>
    </ClCompile>
    <ClCompile Include="AnisotropicFSC.cpp">
      <Filter>Source Files\Resolution</Filter>
    </ClCompile>
    <ClCompile Include="IrregularSphereMask.cpp">
      <Filter>Source Files\Masking</Filter>
    </ClCompile>
    <ClCompile Include="RecFourier.cpp">
      <Filter>Source Files\Reconstruction</Filter>
    </ClCompile>
    <ClCompile Include="RecSIRT.cpp">
      <Filter>Source Files\Reconstruction</Filter>
    </ClCompile>
    <ClCompile Include="RecWBP.cpp">
      <Filter>Source Files\Reconstruction</Filter>
    </ClCompile>
    <ClCompile Include="RecCompare.cpp">
      <Filter>Source Files\Reconstruction</Filter>
    </ClCompile>
    <ClCompile Include="PolynomialFit.cpp">
      <Filter>Source Files\Optimization</Filter>
    </ClCompile>
    <ClCompile Include="Periodogram.cpp">
      <Filter>Source Files\CTF</Filter>
    </ClCompile>
    <ClCompile Include="Decay.cpp">
      <Filter>Source Files\CTF</Filter>
    </ClCompile>
    <ClCompile Include="CTFFit.cpp">
      <Filter>Source Files\CTF</Filter>
    </ClCompile>
    <ClCompile Include="CTFCorrect.cpp">
      <Filter>Source Files\CTF</Filter>
    </ClCompile>
    <ClCompile Include="Wiener.cpp">
      <Filter>Source Files\CTF</Filter>
    </ClCompile>
    <ClCompile Include="CTFTiltFit.cpp">
      <Filter>Source Files\CTF</Filter>
    </ClCompile>
    <ClCompile Include="NIPALS.cpp">
      <Filter>Source Files\PCA</Filter>
    </ClCompile>
    <ClCompile Include="GS.cpp">
      <Filter>Source Files\PCA</Filter>
    </ClCompile>
    <ClCompile Include="SimilarityMatrix.cpp">
      <Filter>Source Files\Correlation</Filter>
    </ClCompile>
    <ClCompile Include="FFTLines.cpp">
      <Filter>Source Files\Transformation</Filter>
    </ClCompile>
    <ClCompile Include="Euler.cpp">
      <Filter>Source Files\Helpers</Filter>
    </ClCompile>
    <ClCompile Include="OptimizeSPAParams.cpp">
      <Filter>Source Files\Optimization</Filter>
    </ClCompile>
    <ClCompile Include="TextureObject.cpp">
      <Filter>Source Files\Helpers</Filter>
    </ClCompile>
    <ClCompile Include="OptimizeTomoParams.cpp">
      <Filter>Source Files\Optimization</Filter>
    </ClCompile>
    <ClCompile Include="PCAFilter.cpp">
      <Filter>Source Files\PCA</Filter>
    </ClCompile>
    <ClCompile Include="CTFTiltCorrect.cpp">
      <Filter>Source Files\CTF</Filter>
    </ClCompile>
    <ClCompile Include="RotationalAverage.cpp">
      <Filter>Source Files\CTF</Filter>
    </ClCompile>
    <ClCompile Include="Warp2D.cpp">
      <Filter>Source Files\Transformation</Filter>
    </ClCompile>
    <ClCompile Include="OptimizeStackWarp2D.cpp">
      <Filter>Source Files\Optimization</Filter>
    </ClCompile>
    <ClCompile Include="ConeMask.cpp">
      <Filter>Source Files\Masking</Filter>
    </ClCompile>
    <ClCompile Include="Picker.cpp">
      <Filter>Source Files\Correlation</Filter>
    </ClCompile>
    <ClCompile Include="CTFSimulation.cpp">
      <Filter>Source Files\CTF</Filter>
    </ClCompile>
  </ItemGroup>
  <ItemGroup>
    <ClInclude Include="Prerequisites.h">
      <Filter>Header Files</Filter>
    </ClInclude>
  </ItemGroup>
</Project>