<?xml version="1.0" encoding="utf-8"?>
<Project ToolsVersion="4.0" xmlns="http://schemas.microsoft.com/developer/msbuild/2003">
  <ItemGroup>
    <Filter Include="Source Files">
      <UniqueIdentifier>{4FC737F1-C7A5-4376-A066-2A32D752A2FF}</UniqueIdentifier>
      <Extensions>cpp;c;cc;cxx;def;odl;idl;hpj;bat;asm;asmx</Extensions>
    </Filter>
    <Filter Include="Header Files">
      <UniqueIdentifier>{93995380-89BD-4b04-88EB-625FBE52EBFB}</UniqueIdentifier>
      <Extensions>h;hpp;hxx;hm;inl;inc;xsd</Extensions>
    </Filter>
    <Filter Include="Resource Files">
      <UniqueIdentifier>{67DA6AB6-F800-4c08-8B7A-83BB121AAD01}</UniqueIdentifier>
      <Extensions>rc;ico;cur;bmp;dlg;rc2;rct;bin;rgs;gif;jpg;jpeg;jpe;resx;tiff;tif;png;wav;mfcribbon-ms</Extensions>
    </Filter>
    <Filter Include="Source Files\FFT">
      <UniqueIdentifier>{6422e057-f6ea-4c89-acf2-ad7d13b6e4e9}</UniqueIdentifier>
    </Filter>
    <Filter Include="Source Files\Generics">
      <UniqueIdentifier>{4aa4114f-78c2-4a26-872c-0fb3820006ba}</UniqueIdentifier>
    </Filter>
    <Filter Include="Source Files\Resolution">
      <UniqueIdentifier>{24d76375-c5e6-4c35-ba65-0e079517ebaf}</UniqueIdentifier>
    </Filter>
    <Filter Include="Source Files\Image Manipulation">
      <UniqueIdentifier>{8c163f9f-68b2-4f76-bf91-e87bc0299121}</UniqueIdentifier>
    </Filter>
  </ItemGroup>
  <ItemGroup>
    <None Include="Helper.cu">
      <Filter>Source Files</Filter>
    </None>
    <None Include="FFT\FFTR2C.cu">
      <Filter>Source Files\FFT</Filter>
    </None>
    <None Include="FFT\FFTR2CFull.cu">
      <Filter>Source Files\FFT</Filter>
    </None>
    <None Include="FFT\FFTC2C.cu">
      <Filter>Source Files\FFT</Filter>
    </None>
    <None Include="FFT\IFFTC2R.cu">
      <Filter>Source Files\FFT</Filter>
    </None>
    <None Include="FFT\IFFTC2RFull.cu">
      <Filter>Source Files\FFT</Filter>
    </None>
    <None Include="FFT\IFFTC2C.cu">
      <Filter>Source Files\FFT</Filter>
    </None>
    <None Include="Resolution\LocalFSC.cu">
      <Filter>Source Files\Resolution</Filter>
    </None>
    <None Include="ImageManipulation\LocalLowpass.cu">
      <Filter>Source Files\Image Manipulation</Filter>
    </None>
  </ItemGroup>
  <ItemGroup>
    <ClInclude Include="Prerequisites.h">
      <Filter>Header Files</Filter>
    </ClInclude>
  </ItemGroup>
  <ItemGroup>
    <ClCompile Include="complexinterleaved.cpp">
      <Filter>Source Files</Filter>
    </ClCompile>
    <ClCompile Include="Generics\Norm.cu">
      <Filter>Source Files\Generics</Filter>
    </ClCompile>
  </ItemGroup>
</Project>