<?xml version="1.0" encoding="utf-8"?>
<Project ToolsVersion="4.0" xmlns="http://schemas.microsoft.com/developer/msbuild/2003">
  <ItemGroup>
    <Filter Include="Source Files">
      <UniqueIdentifier>{4FC737F1-C7A5-4376-A066-2A32D752A2FF}</UniqueIdentifier>
      <Extensions>cpp;c;cc;cxx;def;odl;idl;hpj;bat;asm;asmx</Extensions>
    </Filter>
    <Filter Include="Header Files">
      <UniqueIdentifier>{93995380-89BD-4b04-88EB-625FBE52EBFB}</UniqueIdentifier>
      <Extensions>h;hpp;hxx;hm;inl;inc;xsd</Extensions>
    </Filter>
    <Filter Include="Resource Files">
      <UniqueIdentifier>{67DA6AB6-F800-4c08-8B7A-83BB121AAD01}</UniqueIdentifier>
      <Extensions>rc;ico;cur;bmp;dlg;rc2;rct;bin;rgs;gif;jpg;jpeg;jpe;resx;tiff;tif;png;wav;mfcribbon-ms</Extensions>
    </Filter>
    <Filter Include="Source Files\FFT">
      <UniqueIdentifier>{6422e057-f6ea-4c89-acf2-ad7d13b6e4e9}</UniqueIdentifier>
    </Filter>
    <Filter Include="Source Files\Generics">
      <UniqueIdentifier>{4aa4114f-78c2-4a26-872c-0fb3820006ba}</UniqueIdentifier>
    </Filter>
    <Filter Include="Source Files\Resolution">
      <UniqueIdentifier>{24d76375-c5e6-4c35-ba65-0e079517ebaf}</UniqueIdentifier>
    </Filter>
    <Filter Include="Source Files\Image Manipulation">
      <UniqueIdentifier>{8c163f9f-68b2-4f76-bf91-e87bc0299121}</UniqueIdentifier>
    </Filter>
    <Filter Include="Source Files\Reconstruction">
      <UniqueIdentifier>{58f577eb-f0ca-43d1-9cad-9f491246b0a7}</UniqueIdentifier>
    </Filter>
    <Filter Include="Source Files\Tomography">
      <UniqueIdentifier>{3c385251-33eb-4d57-b84d-4253286c96e6}</UniqueIdentifier>
    </Filter>
    <Filter Include="Source Files\Alignment">
      <UniqueIdentifier>{7cac749a-96fd-43c3-8fc9-661d10f546ed}</UniqueIdentifier>
    </Filter>
    <Filter Include="Source Files\Projection">
      <UniqueIdentifier>{c05441bb-475c-47df-bd41-03ff52c6bf60}</UniqueIdentifier>
    </Filter>
    <Filter Include="Source Files\Transformation">
      <UniqueIdentifier>{b9f95947-8f4c-484a-9ca8-915bdbb02fe2}</UniqueIdentifier>
    </Filter>
    <Filter Include="Source Files\CTF">
      <UniqueIdentifier>{ff4ec6b2-bc38-4275-a28f-4c50170febfe}</UniqueIdentifier>
    </Filter>
    <Filter Include="Source Files\Correlation">
      <UniqueIdentifier>{1cf2d7db-33b2-441a-9e32-4cda6a00d5e7}</UniqueIdentifier>
    </Filter>
    <Filter Include="Optimization">
      <UniqueIdentifier>{31af14e2-5388-435c-af59-be05cd920497}</UniqueIdentifier>
    </Filter>
    <Filter Include="Source Files\CPU">
      <UniqueIdentifier>{3ea77795-0184-4a0b-a08f-7bdd248de971}</UniqueIdentifier>
    </Filter>
  </ItemGroup>
  <ItemGroup>
    <None Include="Helper.cu">
      <Filter>Source Files</Filter>
    </None>
    <None Include="Projection\cgtom_proj_backward.cu">
      <Filter>Source Files\Projection</Filter>
    </None>
    <None Include="Projection\cgtom_proj_forward_raytrace.cu">
      <Filter>Source Files\Projection</Filter>
    </None>
    <None Include="Reconstruction\cgtom_rec_fourier.cu">
      <Filter>Source Files\Reconstruction</Filter>
    </None>
    <None Include="Reconstruction\cgtom_rec_sirt.cu">
      <Filter>Source Files\Reconstruction</Filter>
    </None>
    <None Include="Resolution\cgtom_fsc_anisotropic.cu">
      <Filter>Source Files\Resolution</Filter>
    </None>
    <None Include="Resolution\cgtom_fsc_local.cu">
      <Filter>Source Files\Resolution</Filter>
    </None>
    <None Include="Transformation\cgtom_transform.cu">
      <Filter>Source Files\Transformation</Filter>
    </None>
    <None Include="ImageManipulation\cgtom_lowpass_local.cu">
      <Filter>Source Files\Image Manipulation</Filter>
    </None>
    <None Include="ImageManipulation\cgtom_lowpass_anisotropic.cu">
      <Filter>Source Files\Image Manipulation</Filter>
    </None>
    <None Include="FFT\cgtom_ifftc2r_full.cu">
      <Filter>Source Files\FFT</Filter>
    </None>
    <None Include="FFT\cgtom_ifftc2r.cu">
      <Filter>Source Files\FFT</Filter>
    </None>
    <None Include="FFT\cgtom_ifftc2c.cu">
      <Filter>Source Files\FFT</Filter>
    </None>
    <None Include="FFT\cgtom_fftc2c.cu">
      <Filter>Source Files\FFT</Filter>
    </None>
    <None Include="FFT\cgtom_fftr2c.cu">
      <Filter>Source Files\FFT</Filter>
    </None>
    <None Include="FFT\cgtom_fftr2c_full.cu">
      <Filter>Source Files\FFT</Filter>
    </None>
    <None Include="CTF\cgtom_wiener_correct.cu">
      <Filter>Source Files\CTF</Filter>
    </None>
    <None Include="Alignment\cgtom_align3d.cu">
      <Filter>Source Files\Alignment</Filter>
    </None>
    <None Include="Reconstruction\cgtom_rec_fourier_finalize.cu">
      <Filter>Source Files\Reconstruction</Filter>
    </None>
    <None Include="Correlation\cgtom_line_similarity_matrix.cu">
      <Filter>Source Files\Correlation</Filter>
    </None>
    <None Include="Correlation\cgtom_similarity_matrix_2d.cu">
      <Filter>Source Files\Correlation</Filter>
    </None>
    <None Include="Correlation\cgtom_similarity_matrix_3d.cu">
      <Filter>Source Files\Correlation</Filter>
    </None>
    <None Include="Projection\cgtom_proj_forward_fourier.cu">
      <Filter>Source Files\Projection</Filter>
    </None>
    <None Include="Optimization\cgtom_opt_spa_params.cu">
      <Filter>Optimization</Filter>
    </None>
    <None Include="Reconstruction\cgtom_rec_wbp.cu">
      <Filter>Source Files\Reconstruction</Filter>
    </None>
    <None Include="CTF\cgtom_ctf_tiltfit.cu">
      <Filter>Source Files\CTF</Filter>
    </None>
    <None Include="CTF\cgtom_ctf_tiltcorrect.cu">
      <Filter>Source Files\CTF</Filter>
    </None>
    <None Include="Transformation\cgtom_warp2d.cu">
      <Filter>Source Files\Transformation</Filter>
    </None>
    <None Include="CTF\cgtom_ctf_fit.cu">
      <Filter>Source Files\CTF</Filter>
    </None>
    <None Include="Projection\cgtom_proj_raysum.cu">
      <Filter>Source Files\Projection</Filter>
    </None>
    <None Include="Correlation\cgtom_pick.cu">
      <Filter>Source Files\Correlation</Filter>
    </None>
    <None Include="Transformation\cgtom_rotate.cu">
      <Filter>Source Files\Transformation</Filter>
    </None>
    <None Include="Correlation\cgtom_local_peaks.cu">
      <Filter>Source Files\Correlation</Filter>
    </None>
    <None Include="Reconstruction\cgtom_rec_wbp_many.cu">
      <Filter>Source Files\Reconstruction</Filter>
    </None>
    <None Include="Transformation\cgtom_correctmaganisotropy.cu">
      <Filter>Source Files\Transformation</Filter>
    </None>
  </ItemGroup>
  <ItemGroup>
    <ClInclude Include="Prerequisites.h">
      <Filter>Header Files</Filter>
    </ClInclude>
  </ItemGroup>
  <ItemGroup>
    <ClCompile Include="complexinterleaved.cpp">
      <Filter>Source Files</Filter>
    </ClCompile>
    <ClCompile Include="Projection\cgtom_proj_weighting.cu">
      <Filter>Source Files\Projection</Filter>
    </ClCompile>
    <ClCompile Include="Reconstruction\cgtom_rec_fourier_add.cu">
      <Filter>Source Files\Reconstruction</Filter>
    </ClCompile>
    <ClCompile Include="Generics\cgtom_norm.cu">
      <Filter>Source Files\Generics</Filter>
    </ClCompile>
    <ClCompile Include="ImageManipulation\cgtom_bandpass.cu">
      <Filter>Source Files\Image Manipulation</Filter>
    </ClCompile>
    <ClCompile Include="CPU\ctom_rotationalaverage.cu">
      <Filter>Source Files\CPU</Filter>
    </ClCompile>
  </ItemGroup>
</Project>